
Microsoft Visual Studio Solution File, Format Version 12.00
# Visual Studio 14
VisualStudioVersion = 14.0.25420.1
MinimumVisualStudioVersion = 10.0.40219.1
Project("{FAE04EC0-301F-11D3-BF4B-00C04F79EFBC}") = "EjemploXamarin", "EjemploXamarin\EjemploXamarin\EjemploXamarin.csproj", "{F740A9FB-F540-48F0-A0AF-60DDC2834F70}"
EndProject
Project("{FAE04EC0-301F-11D3-BF4B-00C04F79EFBC}") = "EjemploXamarin.Droid", "EjemploXamarin\EjemploXamarin.Droid\EjemploXamarin.Droid.csproj", "{93F80D8D-A5E6-47A5-8EAD-EB0650730C12}"
EndProject
Project("{FAE04EC0-301F-11D3-BF4B-00C04F79EFBC}") = "EjemploXamarin.iOS", "EjemploXamarin\EjemploXamarin.iOS\EjemploXamarin.iOS.csproj", "{F8FCC5C4-D890-42C9-9E90-F009DF20EAB9}"
EndProject
Project("{FAE04EC0-301F-11D3-BF4B-00C04F79EFBC}") = "EjemploXamarin.WinPhone", "EjemploXamarin\EjemploXamarin.WinPhone\EjemploXamarin.WinPhone.csproj", "{8C048334-7074-4D22-962E-3AC1AC473BDC}"
EndProject
Project("{FAE04EC0-301F-11D3-BF4B-00C04F79EFBC}") = "EjemploXamarin.UWP", "EjemploXamarin\EjemploXamarin.UWP\EjemploXamarin.UWP.csproj", "{B00F3A12-2D2F-4896-92BE-17803D6C6462}"
EndProject
Project("{FAE04EC0-301F-11D3-BF4B-00C04F79EFBC}") = "EjemploXamarin.Windows", "EjemploXamarin\EjemploXamarin.Windows\EjemploXamarin.Windows.csproj", "{37543F2C-05DA-4817-B71A-0DE5427A70AF}"
EndProject
Global
	GlobalSection(SolutionConfigurationPlatforms) = preSolution
		Ad-Hoc|Any CPU = Ad-Hoc|Any CPU
		Ad-Hoc|ARM = Ad-Hoc|ARM
		Ad-Hoc|iPhone = Ad-Hoc|iPhone
		Ad-Hoc|iPhoneSimulator = Ad-Hoc|iPhoneSimulator
		Ad-Hoc|x64 = Ad-Hoc|x64
		Ad-Hoc|x86 = Ad-Hoc|x86
		AppStore|Any CPU = AppStore|Any CPU
		AppStore|ARM = AppStore|ARM
		AppStore|iPhone = AppStore|iPhone
		AppStore|iPhoneSimulator = AppStore|iPhoneSimulator
		AppStore|x64 = AppStore|x64
		AppStore|x86 = AppStore|x86
		Debug|Any CPU = Debug|Any CPU
		Debug|ARM = Debug|ARM
		Debug|iPhone = Debug|iPhone
		Debug|iPhoneSimulator = Debug|iPhoneSimulator
		Debug|x64 = Debug|x64
		Debug|x86 = Debug|x86
		Release|Any CPU = Release|Any CPU
		Release|ARM = Release|ARM
		Release|iPhone = Release|iPhone
		Release|iPhoneSimulator = Release|iPhoneSimulator
		Release|x64 = Release|x64
		Release|x86 = Release|x86
	EndGlobalSection
	GlobalSection(ProjectConfigurationPlatforms) = postSolution
		{F740A9FB-F540-48F0-A0AF-60DDC2834F70}.Ad-Hoc|Any CPU.ActiveCfg = Release|Any CPU
		{F740A9FB-F540-48F0-A0AF-60DDC2834F70}.Ad-Hoc|Any CPU.Build.0 = Release|Any CPU
		{F740A9FB-F540-48F0-A0AF-60DDC2834F70}.Ad-Hoc|ARM.ActiveCfg = Release|Any CPU
		{F740A9FB-F540-48F0-A0AF-60DDC2834F70}.Ad-Hoc|ARM.Build.0 = Release|Any CPU
		{F740A9FB-F540-48F0-A0AF-60DDC2834F70}.Ad-Hoc|iPhone.ActiveCfg = Release|Any CPU
		{F740A9FB-F540-48F0-A0AF-60DDC2834F70}.Ad-Hoc|iPhone.Build.0 = Release|Any CPU
		{F740A9FB-F540-48F0-A0AF-60DDC2834F70}.Ad-Hoc|iPhoneSimulator.ActiveCfg = Release|Any CPU
		{F740A9FB-F540-48F0-A0AF-60DDC2834F70}.Ad-Hoc|iPhoneSimulator.Build.0 = Release|Any CPU
		{F740A9FB-F540-48F0-A0AF-60DDC2834F70}.Ad-Hoc|x64.ActiveCfg = Release|Any CPU
		{F740A9FB-F540-48F0-A0AF-60DDC2834F70}.Ad-Hoc|x64.Build.0 = Release|Any CPU
		{F740A9FB-F540-48F0-A0AF-60DDC2834F70}.Ad-Hoc|x86.ActiveCfg = Release|Any CPU
		{F740A9FB-F540-48F0-A0AF-60DDC2834F70}.Ad-Hoc|x86.Build.0 = Release|Any CPU
		{F740A9FB-F540-48F0-A0AF-60DDC2834F70}.AppStore|Any CPU.ActiveCfg = Release|Any CPU
		{F740A9FB-F540-48F0-A0AF-60DDC2834F70}.AppStore|Any CPU.Build.0 = Release|Any CPU
		{F740A9FB-F540-48F0-A0AF-60DDC2834F70}.AppStore|ARM.ActiveCfg = Release|Any CPU
		{F740A9FB-F540-48F0-A0AF-60DDC2834F70}.AppStore|ARM.Build.0 = Release|Any CPU
		{F740A9FB-F540-48F0-A0AF-60DDC2834F70}.AppStore|iPhone.ActiveCfg = Release|Any CPU
		{F740A9FB-F540-48F0-A0AF-60DDC2834F70}.AppStore|iPhone.Build.0 = Release|Any CPU
		{F740A9FB-F540-48F0-A0AF-60DDC2834F70}.AppStore|iPhoneSimulator.ActiveCfg = Release|Any CPU
		{F740A9FB-F540-48F0-A0AF-60DDC2834F70}.AppStore|iPhoneSimulator.Build.0 = Release|Any CPU
		{F740A9FB-F540-48F0-A0AF-60DDC2834F70}.AppStore|x64.ActiveCfg = Release|Any CPU
		{F740A9FB-F540-48F0-A0AF-60DDC2834F70}.AppStore|x64.Build.0 = Release|Any CPU
		{F740A9FB-F540-48F0-A0AF-60DDC2834F70}.AppStore|x86.ActiveCfg = Release|Any CPU
		{F740A9FB-F540-48F0-A0AF-60DDC2834F70}.AppStore|x86.Build.0 = Release|Any CPU
		{F740A9FB-F540-48F0-A0AF-60DDC2834F70}.Debug|Any CPU.ActiveCfg = Debug|Any CPU
		{F740A9FB-F540-48F0-A0AF-60DDC2834F70}.Debug|Any CPU.Build.0 = Debug|Any CPU
		{F740A9FB-F540-48F0-A0AF-60DDC2834F70}.Debug|ARM.ActiveCfg = Debug|Any CPU
		{F740A9FB-F540-48F0-A0AF-60DDC2834F70}.Debug|ARM.Build.0 = Debug|Any CPU
		{F740A9FB-F540-48F0-A0AF-60DDC2834F70}.Debug|iPhone.ActiveCfg = Debug|Any CPU
		{F740A9FB-F540-48F0-A0AF-60DDC2834F70}.Debug|iPhone.Build.0 = Debug|Any CPU
		{F740A9FB-F540-48F0-A0AF-60DDC2834F70}.Debug|iPhoneSimulator.ActiveCfg = Debug|Any CPU
		{F740A9FB-F540-48F0-A0AF-60DDC2834F70}.Debug|iPhoneSimulator.Build.0 = Debug|Any CPU
		{F740A9FB-F540-48F0-A0AF-60DDC2834F70}.Debug|x64.ActiveCfg = Debug|Any CPU
		{F740A9FB-F540-48F0-A0AF-60DDC2834F70}.Debug|x64.Build.0 = Debug|Any CPU
		{F740A9FB-F540-48F0-A0AF-60DDC2834F70}.Debug|x86.ActiveCfg = Debug|Any CPU
		{F740A9FB-F540-48F0-A0AF-60DDC2834F70}.Debug|x86.Build.0 = Debug|Any CPU
		{F740A9FB-F540-48F0-A0AF-60DDC2834F70}.Release|Any CPU.ActiveCfg = Release|Any CPU
		{F740A9FB-F540-48F0-A0AF-60DDC2834F70}.Release|Any CPU.Build.0 = Release|Any CPU
		{F740A9FB-F540-48F0-A0AF-60DDC2834F70}.Release|ARM.ActiveCfg = Release|Any CPU
		{F740A9FB-F540-48F0-A0AF-60DDC2834F70}.Release|ARM.Build.0 = Release|Any CPU
		{F740A9FB-F540-48F0-A0AF-60DDC2834F70}.Release|iPhone.ActiveCfg = Release|Any CPU
		{F740A9FB-F540-48F0-A0AF-60DDC2834F70}.Release|iPhone.Build.0 = Release|Any CPU
		{F740A9FB-F540-48F0-A0AF-60DDC2834F70}.Release|iPhoneSimulator.ActiveCfg = Release|Any CPU
		{F740A9FB-F540-48F0-A0AF-60DDC2834F70}.Release|iPhoneSimulator.Build.0 = Release|Any CPU
		{F740A9FB-F540-48F0-A0AF-60DDC2834F70}.Release|x64.ActiveCfg = Release|Any CPU
		{F740A9FB-F540-48F0-A0AF-60DDC2834F70}.Release|x64.Build.0 = Release|Any CPU
		{F740A9FB-F540-48F0-A0AF-60DDC2834F70}.Release|x86.ActiveCfg = Release|Any CPU
		{F740A9FB-F540-48F0-A0AF-60DDC2834F70}.Release|x86.Build.0 = Release|Any CPU
		{93F80D8D-A5E6-47A5-8EAD-EB0650730C12}.Ad-Hoc|Any CPU.ActiveCfg = Release|Any CPU
		{93F80D8D-A5E6-47A5-8EAD-EB0650730C12}.Ad-Hoc|Any CPU.Build.0 = Release|Any CPU
		{93F80D8D-A5E6-47A5-8EAD-EB0650730C12}.Ad-Hoc|Any CPU.Deploy.0 = Release|Any CPU
		{93F80D8D-A5E6-47A5-8EAD-EB0650730C12}.Ad-Hoc|ARM.ActiveCfg = Release|Any CPU
		{93F80D8D-A5E6-47A5-8EAD-EB0650730C12}.Ad-Hoc|ARM.Build.0 = Release|Any CPU
		{93F80D8D-A5E6-47A5-8EAD-EB0650730C12}.Ad-Hoc|ARM.Deploy.0 = Release|Any CPU
		{93F80D8D-A5E6-47A5-8EAD-EB0650730C12}.Ad-Hoc|iPhone.ActiveCfg = Release|Any CPU
		{93F80D8D-A5E6-47A5-8EAD-EB0650730C12}.Ad-Hoc|iPhone.Build.0 = Release|Any CPU
		{93F80D8D-A5E6-47A5-8EAD-EB0650730C12}.Ad-Hoc|iPhone.Deploy.0 = Release|Any CPU
		{93F80D8D-A5E6-47A5-8EAD-EB0650730C12}.Ad-Hoc|iPhoneSimulator.ActiveCfg = Release|Any CPU
		{93F80D8D-A5E6-47A5-8EAD-EB0650730C12}.Ad-Hoc|iPhoneSimulator.Build.0 = Release|Any CPU
		{93F80D8D-A5E6-47A5-8EAD-EB0650730C12}.Ad-Hoc|iPhoneSimulator.Deploy.0 = Release|Any CPU
		{93F80D8D-A5E6-47A5-8EAD-EB0650730C12}.Ad-Hoc|x64.ActiveCfg = Release|Any CPU
		{93F80D8D-A5E6-47A5-8EAD-EB0650730C12}.Ad-Hoc|x64.Build.0 = Release|Any CPU
		{93F80D8D-A5E6-47A5-8EAD-EB0650730C12}.Ad-Hoc|x64.Deploy.0 = Release|Any CPU
		{93F80D8D-A5E6-47A5-8EAD-EB0650730C12}.Ad-Hoc|x86.ActiveCfg = Release|Any CPU
		{93F80D8D-A5E6-47A5-8EAD-EB0650730C12}.Ad-Hoc|x86.Build.0 = Release|Any CPU
		{93F80D8D-A5E6-47A5-8EAD-EB0650730C12}.Ad-Hoc|x86.Deploy.0 = Release|Any CPU
		{93F80D8D-A5E6-47A5-8EAD-EB0650730C12}.AppStore|Any CPU.ActiveCfg = Release|Any CPU
		{93F80D8D-A5E6-47A5-8EAD-EB0650730C12}.AppStore|Any CPU.Build.0 = Release|Any CPU
		{93F80D8D-A5E6-47A5-8EAD-EB0650730C12}.AppStore|Any CPU.Deploy.0 = Release|Any CPU
		{93F80D8D-A5E6-47A5-8EAD-EB0650730C12}.AppStore|ARM.ActiveCfg = Release|Any CPU
		{93F80D8D-A5E6-47A5-8EAD-EB0650730C12}.AppStore|ARM.Build.0 = Release|Any CPU
		{93F80D8D-A5E6-47A5-8EAD-EB0650730C12}.AppStore|ARM.Deploy.0 = Release|Any CPU
		{93F80D8D-A5E6-47A5-8EAD-EB0650730C12}.AppStore|iPhone.ActiveCfg = Release|Any CPU
		{93F80D8D-A5E6-47A5-8EAD-EB0650730C12}.AppStore|iPhone.Build.0 = Release|Any CPU
		{93F80D8D-A5E6-47A5-8EAD-EB0650730C12}.AppStore|iPhone.Deploy.0 = Release|Any CPU
		{93F80D8D-A5E6-47A5-8EAD-EB0650730C12}.AppStore|iPhoneSimulator.ActiveCfg = Release|Any CPU
		{93F80D8D-A5E6-47A5-8EAD-EB0650730C12}.AppStore|iPhoneSimulator.Build.0 = Release|Any CPU
		{93F80D8D-A5E6-47A5-8EAD-EB0650730C12}.AppStore|iPhoneSimulator.Deploy.0 = Release|Any CPU
		{93F80D8D-A5E6-47A5-8EAD-EB0650730C12}.AppStore|x64.ActiveCfg = Release|Any CPU
		{93F80D8D-A5E6-47A5-8EAD-EB0650730C12}.AppStore|x64.Build.0 = Release|Any CPU
		{93F80D8D-A5E6-47A5-8EAD-EB0650730C12}.AppStore|x64.Deploy.0 = Release|Any CPU
		{93F80D8D-A5E6-47A5-8EAD-EB0650730C12}.AppStore|x86.ActiveCfg = Release|Any CPU
		{93F80D8D-A5E6-47A5-8EAD-EB0650730C12}.AppStore|x86.Build.0 = Release|Any CPU
		{93F80D8D-A5E6-47A5-8EAD-EB0650730C12}.AppStore|x86.Deploy.0 = Release|Any CPU
		{93F80D8D-A5E6-47A5-8EAD-EB0650730C12}.Debug|Any CPU.ActiveCfg = Debug|Any CPU
		{93F80D8D-A5E6-47A5-8EAD-EB0650730C12}.Debug|Any CPU.Build.0 = Debug|Any CPU
		{93F80D8D-A5E6-47A5-8EAD-EB0650730C12}.Debug|Any CPU.Deploy.0 = Debug|Any CPU
		{93F80D8D-A5E6-47A5-8EAD-EB0650730C12}.Debug|ARM.ActiveCfg = Debug|Any CPU
		{93F80D8D-A5E6-47A5-8EAD-EB0650730C12}.Debug|ARM.Build.0 = Debug|Any CPU
		{93F80D8D-A5E6-47A5-8EAD-EB0650730C12}.Debug|ARM.Deploy.0 = Debug|Any CPU
		{93F80D8D-A5E6-47A5-8EAD-EB0650730C12}.Debug|iPhone.ActiveCfg = Debug|Any CPU
		{93F80D8D-A5E6-47A5-8EAD-EB0650730C12}.Debug|iPhone.Build.0 = Debug|Any CPU
		{93F80D8D-A5E6-47A5-8EAD-EB0650730C12}.Debug|iPhone.Deploy.0 = Debug|Any CPU
		{93F80D8D-A5E6-47A5-8EAD-EB0650730C12}.Debug|iPhoneSimulator.ActiveCfg = Debug|Any CPU
		{93F80D8D-A5E6-47A5-8EAD-EB0650730C12}.Debug|iPhoneSimulator.Build.0 = Debug|Any CPU
		{93F80D8D-A5E6-47A5-8EAD-EB0650730C12}.Debug|iPhoneSimulator.Deploy.0 = Debug|Any CPU
		{93F80D8D-A5E6-47A5-8EAD-EB0650730C12}.Debug|x64.ActiveCfg = Debug|Any CPU
		{93F80D8D-A5E6-47A5-8EAD-EB0650730C12}.Debug|x64.Build.0 = Debug|Any CPU
		{93F80D8D-A5E6-47A5-8EAD-EB0650730C12}.Debug|x64.Deploy.0 = Debug|Any CPU
		{93F80D8D-A5E6-47A5-8EAD-EB0650730C12}.Debug|x86.ActiveCfg = Debug|Any CPU
		{93F80D8D-A5E6-47A5-8EAD-EB0650730C12}.Debug|x86.Build.0 = Debug|Any CPU
		{93F80D8D-A5E6-47A5-8EAD-EB0650730C12}.Debug|x86.Deploy.0 = Debug|Any CPU
		{93F80D8D-A5E6-47A5-8EAD-EB0650730C12}.Release|Any CPU.ActiveCfg = Release|Any CPU
		{93F80D8D-A5E6-47A5-8EAD-EB0650730C12}.Release|Any CPU.Build.0 = Release|Any CPU
		{93F80D8D-A5E6-47A5-8EAD-EB0650730C12}.Release|Any CPU.Deploy.0 = Release|Any CPU
		{93F80D8D-A5E6-47A5-8EAD-EB0650730C12}.Release|ARM.ActiveCfg = Release|Any CPU
		{93F80D8D-A5E6-47A5-8EAD-EB0650730C12}.Release|ARM.Build.0 = Release|Any CPU
		{93F80D8D-A5E6-47A5-8EAD-EB0650730C12}.Release|ARM.Deploy.0 = Release|Any CPU
		{93F80D8D-A5E6-47A5-8EAD-EB0650730C12}.Release|iPhone.ActiveCfg = Release|Any CPU
		{93F80D8D-A5E6-47A5-8EAD-EB0650730C12}.Release|iPhone.Build.0 = Release|Any CPU
		{93F80D8D-A5E6-47A5-8EAD-EB0650730C12}.Release|iPhone.Deploy.0 = Release|Any CPU
		{93F80D8D-A5E6-47A5-8EAD-EB0650730C12}.Release|iPhoneSimulator.ActiveCfg = Release|Any CPU
		{93F80D8D-A5E6-47A5-8EAD-EB0650730C12}.Release|iPhoneSimulator.Build.0 = Release|Any CPU
		{93F80D8D-A5E6-47A5-8EAD-EB0650730C12}.Release|iPhoneSimulator.Deploy.0 = Release|Any CPU
		{93F80D8D-A5E6-47A5-8EAD-EB0650730C12}.Release|x64.ActiveCfg = Release|Any CPU
		{93F80D8D-A5E6-47A5-8EAD-EB0650730C12}.Release|x64.Build.0 = Release|Any CPU
		{93F80D8D-A5E6-47A5-8EAD-EB0650730C12}.Release|x64.Deploy.0 = Release|Any CPU
		{93F80D8D-A5E6-47A5-8EAD-EB0650730C12}.Release|x86.ActiveCfg = Release|Any CPU
		{93F80D8D-A5E6-47A5-8EAD-EB0650730C12}.Release|x86.Build.0 = Release|Any CPU
		{93F80D8D-A5E6-47A5-8EAD-EB0650730C12}.Release|x86.Deploy.0 = Release|Any CPU
		{F8FCC5C4-D890-42C9-9E90-F009DF20EAB9}.Ad-Hoc|Any CPU.ActiveCfg = Ad-Hoc|iPhone
		{F8FCC5C4-D890-42C9-9E90-F009DF20EAB9}.Ad-Hoc|ARM.ActiveCfg = Ad-Hoc|iPhone
		{F8FCC5C4-D890-42C9-9E90-F009DF20EAB9}.Ad-Hoc|iPhone.ActiveCfg = Ad-Hoc|iPhone
		{F8FCC5C4-D890-42C9-9E90-F009DF20EAB9}.Ad-Hoc|iPhone.Build.0 = Ad-Hoc|iPhone
		{F8FCC5C4-D890-42C9-9E90-F009DF20EAB9}.Ad-Hoc|iPhoneSimulator.ActiveCfg = Ad-Hoc|iPhoneSimulator
		{F8FCC5C4-D890-42C9-9E90-F009DF20EAB9}.Ad-Hoc|iPhoneSimulator.Build.0 = Ad-Hoc|iPhoneSimulator
		{F8FCC5C4-D890-42C9-9E90-F009DF20EAB9}.Ad-Hoc|x64.ActiveCfg = Ad-Hoc|iPhone
		{F8FCC5C4-D890-42C9-9E90-F009DF20EAB9}.Ad-Hoc|x86.ActiveCfg = Ad-Hoc|iPhone
		{F8FCC5C4-D890-42C9-9E90-F009DF20EAB9}.AppStore|Any CPU.ActiveCfg = AppStore|iPhone
		{F8FCC5C4-D890-42C9-9E90-F009DF20EAB9}.AppStore|ARM.ActiveCfg = AppStore|iPhone
		{F8FCC5C4-D890-42C9-9E90-F009DF20EAB9}.AppStore|iPhone.ActiveCfg = AppStore|iPhone
		{F8FCC5C4-D890-42C9-9E90-F009DF20EAB9}.AppStore|iPhone.Build.0 = AppStore|iPhone
		{F8FCC5C4-D890-42C9-9E90-F009DF20EAB9}.AppStore|iPhoneSimulator.ActiveCfg = AppStore|iPhoneSimulator
		{F8FCC5C4-D890-42C9-9E90-F009DF20EAB9}.AppStore|iPhoneSimulator.Build.0 = AppStore|iPhoneSimulator
		{F8FCC5C4-D890-42C9-9E90-F009DF20EAB9}.AppStore|x64.ActiveCfg = AppStore|iPhone
		{F8FCC5C4-D890-42C9-9E90-F009DF20EAB9}.AppStore|x86.ActiveCfg = AppStore|iPhone
		{F8FCC5C4-D890-42C9-9E90-F009DF20EAB9}.Debug|Any CPU.ActiveCfg = Debug|iPhone
		{F8FCC5C4-D890-42C9-9E90-F009DF20EAB9}.Debug|ARM.ActiveCfg = Debug|iPhone
		{F8FCC5C4-D890-42C9-9E90-F009DF20EAB9}.Debug|iPhone.ActiveCfg = Debug|iPhone
		{F8FCC5C4-D890-42C9-9E90-F009DF20EAB9}.Debug|iPhone.Build.0 = Debug|iPhone
		{F8FCC5C4-D890-42C9-9E90-F009DF20EAB9}.Debug|iPhoneSimulator.ActiveCfg = Debug|iPhoneSimulator
		{F8FCC5C4-D890-42C9-9E90-F009DF20EAB9}.Debug|iPhoneSimulator.Build.0 = Debug|iPhoneSimulator
		{F8FCC5C4-D890-42C9-9E90-F009DF20EAB9}.Debug|x64.ActiveCfg = Debug|iPhone
		{F8FCC5C4-D890-42C9-9E90-F009DF20EAB9}.Debug|x86.ActiveCfg = Debug|iPhone
		{F8FCC5C4-D890-42C9-9E90-F009DF20EAB9}.Release|Any CPU.ActiveCfg = Release|iPhone
		{F8FCC5C4-D890-42C9-9E90-F009DF20EAB9}.Release|ARM.ActiveCfg = Release|iPhone
		{F8FCC5C4-D890-42C9-9E90-F009DF20EAB9}.Release|iPhone.ActiveCfg = Release|iPhone
		{F8FCC5C4-D890-42C9-9E90-F009DF20EAB9}.Release|iPhone.Build.0 = Release|iPhone
		{F8FCC5C4-D890-42C9-9E90-F009DF20EAB9}.Release|iPhoneSimulator.ActiveCfg = Release|iPhoneSimulator
		{F8FCC5C4-D890-42C9-9E90-F009DF20EAB9}.Release|iPhoneSimulator.Build.0 = Release|iPhoneSimulator
		{F8FCC5C4-D890-42C9-9E90-F009DF20EAB9}.Release|x64.ActiveCfg = Release|iPhone
		{F8FCC5C4-D890-42C9-9E90-F009DF20EAB9}.Release|x86.ActiveCfg = Release|iPhone
		{8C048334-7074-4D22-962E-3AC1AC473BDC}.Ad-Hoc|Any CPU.ActiveCfg = Release|Any CPU
		{8C048334-7074-4D22-962E-3AC1AC473BDC}.Ad-Hoc|Any CPU.Build.0 = Release|Any CPU
		{8C048334-7074-4D22-962E-3AC1AC473BDC}.Ad-Hoc|Any CPU.Deploy.0 = Release|Any CPU
		{8C048334-7074-4D22-962E-3AC1AC473BDC}.Ad-Hoc|ARM.ActiveCfg = Release|ARM
		{8C048334-7074-4D22-962E-3AC1AC473BDC}.Ad-Hoc|ARM.Build.0 = Release|ARM
		{8C048334-7074-4D22-962E-3AC1AC473BDC}.Ad-Hoc|ARM.Deploy.0 = Release|ARM
		{8C048334-7074-4D22-962E-3AC1AC473BDC}.Ad-Hoc|iPhone.ActiveCfg = Release|Any CPU
		{8C048334-7074-4D22-962E-3AC1AC473BDC}.Ad-Hoc|iPhone.Build.0 = Release|Any CPU
		{8C048334-7074-4D22-962E-3AC1AC473BDC}.Ad-Hoc|iPhone.Deploy.0 = Release|Any CPU
		{8C048334-7074-4D22-962E-3AC1AC473BDC}.Ad-Hoc|iPhoneSimulator.ActiveCfg = Release|Any CPU
		{8C048334-7074-4D22-962E-3AC1AC473BDC}.Ad-Hoc|iPhoneSimulator.Build.0 = Release|Any CPU
		{8C048334-7074-4D22-962E-3AC1AC473BDC}.Ad-Hoc|iPhoneSimulator.Deploy.0 = Release|Any CPU
		{8C048334-7074-4D22-962E-3AC1AC473BDC}.Ad-Hoc|x64.ActiveCfg = Release|Any CPU
		{8C048334-7074-4D22-962E-3AC1AC473BDC}.Ad-Hoc|x64.Build.0 = Release|Any CPU
		{8C048334-7074-4D22-962E-3AC1AC473BDC}.Ad-Hoc|x64.Deploy.0 = Release|Any CPU
		{8C048334-7074-4D22-962E-3AC1AC473BDC}.Ad-Hoc|x86.ActiveCfg = Release|x86
		{8C048334-7074-4D22-962E-3AC1AC473BDC}.Ad-Hoc|x86.Build.0 = Release|x86
		{8C048334-7074-4D22-962E-3AC1AC473BDC}.Ad-Hoc|x86.Deploy.0 = Release|x86
		{8C048334-7074-4D22-962E-3AC1AC473BDC}.AppStore|Any CPU.ActiveCfg = Release|Any CPU
		{8C048334-7074-4D22-962E-3AC1AC473BDC}.AppStore|Any CPU.Build.0 = Release|Any CPU
		{8C048334-7074-4D22-962E-3AC1AC473BDC}.AppStore|Any CPU.Deploy.0 = Release|Any CPU
		{8C048334-7074-4D22-962E-3AC1AC473BDC}.AppStore|ARM.ActiveCfg = Release|ARM
		{8C048334-7074-4D22-962E-3AC1AC473BDC}.AppStore|ARM.Build.0 = Release|ARM
		{8C048334-7074-4D22-962E-3AC1AC473BDC}.AppStore|ARM.Deploy.0 = Release|ARM
		{8C048334-7074-4D22-962E-3AC1AC473BDC}.AppStore|iPhone.ActiveCfg = Release|Any CPU
		{8C048334-7074-4D22-962E-3AC1AC473BDC}.AppStore|iPhone.Build.0 = Release|Any CPU
		{8C048334-7074-4D22-962E-3AC1AC473BDC}.AppStore|iPhone.Deploy.0 = Release|Any CPU
		{8C048334-7074-4D22-962E-3AC1AC473BDC}.AppStore|iPhoneSimulator.ActiveCfg = Release|Any CPU
		{8C048334-7074-4D22-962E-3AC1AC473BDC}.AppStore|iPhoneSimulator.Build.0 = Release|Any CPU
		{8C048334-7074-4D22-962E-3AC1AC473BDC}.AppStore|iPhoneSimulator.Deploy.0 = Release|Any CPU
		{8C048334-7074-4D22-962E-3AC1AC473BDC}.AppStore|x64.ActiveCfg = Release|Any CPU
		{8C048334-7074-4D22-962E-3AC1AC473BDC}.AppStore|x64.Build.0 = Release|Any CPU
		{8C048334-7074-4D22-962E-3AC1AC473BDC}.AppStore|x64.Deploy.0 = Release|Any CPU
		{8C048334-7074-4D22-962E-3AC1AC473BDC}.AppStore|x86.ActiveCfg = Release|x86
		{8C048334-7074-4D22-962E-3AC1AC473BDC}.AppStore|x86.Build.0 = Release|x86
		{8C048334-7074-4D22-962E-3AC1AC473BDC}.AppStore|x86.Deploy.0 = Release|x86
		{8C048334-7074-4D22-962E-3AC1AC473BDC}.Debug|Any CPU.ActiveCfg = Debug|Any CPU
		{8C048334-7074-4D22-962E-3AC1AC473BDC}.Debug|Any CPU.Build.0 = Debug|Any CPU
		{8C048334-7074-4D22-962E-3AC1AC473BDC}.Debug|Any CPU.Deploy.0 = Debug|Any CPU
		{8C048334-7074-4D22-962E-3AC1AC473BDC}.Debug|ARM.ActiveCfg = Debug|ARM
		{8C048334-7074-4D22-962E-3AC1AC473BDC}.Debug|ARM.Build.0 = Debug|ARM
		{8C048334-7074-4D22-962E-3AC1AC473BDC}.Debug|ARM.Deploy.0 = Debug|ARM
		{8C048334-7074-4D22-962E-3AC1AC473BDC}.Debug|iPhone.ActiveCfg = Debug|Any CPU
		{8C048334-7074-4D22-962E-3AC1AC473BDC}.Debug|iPhone.Build.0 = Debug|Any CPU
		{8C048334-7074-4D22-962E-3AC1AC473BDC}.Debug|iPhone.Deploy.0 = Debug|Any CPU
		{8C048334-7074-4D22-962E-3AC1AC473BDC}.Debug|iPhoneSimulator.ActiveCfg = Debug|Any CPU
		{8C048334-7074-4D22-962E-3AC1AC473BDC}.Debug|iPhoneSimulator.Build.0 = Debug|Any CPU
		{8C048334-7074-4D22-962E-3AC1AC473BDC}.Debug|iPhoneSimulator.Deploy.0 = Debug|Any CPU
		{8C048334-7074-4D22-962E-3AC1AC473BDC}.Debug|x64.ActiveCfg = Debug|Any CPU
		{8C048334-7074-4D22-962E-3AC1AC473BDC}.Debug|x64.Build.0 = Debug|Any CPU
		{8C048334-7074-4D22-962E-3AC1AC473BDC}.Debug|x64.Deploy.0 = Debug|Any CPU
		{8C048334-7074-4D22-962E-3AC1AC473BDC}.Debug|x86.ActiveCfg = Debug|x86
		{8C048334-7074-4D22-962E-3AC1AC473BDC}.Debug|x86.Build.0 = Debug|x86
		{8C048334-7074-4D22-962E-3AC1AC473BDC}.Debug|x86.Deploy.0 = Debug|x86
		{8C048334-7074-4D22-962E-3AC1AC473BDC}.Release|Any CPU.ActiveCfg = Release|Any CPU
		{8C048334-7074-4D22-962E-3AC1AC473BDC}.Release|Any CPU.Build.0 = Release|Any CPU
		{8C048334-7074-4D22-962E-3AC1AC473BDC}.Release|Any CPU.Deploy.0 = Release|Any CPU
		{8C048334-7074-4D22-962E-3AC1AC473BDC}.Release|ARM.ActiveCfg = Release|ARM
		{8C048334-7074-4D22-962E-3AC1AC473BDC}.Release|ARM.Build.0 = Release|ARM
		{8C048334-7074-4D22-962E-3AC1AC473BDC}.Release|ARM.Deploy.0 = Release|ARM
		{8C048334-7074-4D22-962E-3AC1AC473BDC}.Release|iPhone.ActiveCfg = Release|Any CPU
		{8C048334-7074-4D22-962E-3AC1AC473BDC}.Release|iPhone.Build.0 = Release|Any CPU
		{8C048334-7074-4D22-962E-3AC1AC473BDC}.Release|iPhone.Deploy.0 = Release|Any CPU
		{8C048334-7074-4D22-962E-3AC1AC473BDC}.Release|iPhoneSimulator.ActiveCfg = Release|Any CPU
		{8C048334-7074-4D22-962E-3AC1AC473BDC}.Release|iPhoneSimulator.Build.0 = Release|Any CPU
		{8C048334-7074-4D22-962E-3AC1AC473BDC}.Release|iPhoneSimulator.Deploy.0 = Release|Any CPU
		{8C048334-7074-4D22-962E-3AC1AC473BDC}.Release|x64.ActiveCfg = Release|Any CPU
		{8C048334-7074-4D22-962E-3AC1AC473BDC}.Release|x64.Build.0 = Release|Any CPU
		{8C048334-7074-4D22-962E-3AC1AC473BDC}.Release|x64.Deploy.0 = Release|Any CPU
		{8C048334-7074-4D22-962E-3AC1AC473BDC}.Release|x86.ActiveCfg = Release|x86
		{8C048334-7074-4D22-962E-3AC1AC473BDC}.Release|x86.Build.0 = Release|x86
		{8C048334-7074-4D22-962E-3AC1AC473BDC}.Release|x86.Deploy.0 = Release|x86
		{B00F3A12-2D2F-4896-92BE-17803D6C6462}.Ad-Hoc|Any CPU.ActiveCfg = Release|x86
		{B00F3A12-2D2F-4896-92BE-17803D6C6462}.Ad-Hoc|Any CPU.Build.0 = Release|x86
		{B00F3A12-2D2F-4896-92BE-17803D6C6462}.Ad-Hoc|Any CPU.Deploy.0 = Release|x86
		{B00F3A12-2D2F-4896-92BE-17803D6C6462}.Ad-Hoc|ARM.ActiveCfg = Release|ARM
		{B00F3A12-2D2F-4896-92BE-17803D6C6462}.Ad-Hoc|ARM.Build.0 = Release|ARM
		{B00F3A12-2D2F-4896-92BE-17803D6C6462}.Ad-Hoc|ARM.Deploy.0 = Release|ARM
		{B00F3A12-2D2F-4896-92BE-17803D6C6462}.Ad-Hoc|iPhone.ActiveCfg = Release|x86
		{B00F3A12-2D2F-4896-92BE-17803D6C6462}.Ad-Hoc|iPhone.Build.0 = Release|x86
		{B00F3A12-2D2F-4896-92BE-17803D6C6462}.Ad-Hoc|iPhone.Deploy.0 = Release|x86
		{B00F3A12-2D2F-4896-92BE-17803D6C6462}.Ad-Hoc|iPhoneSimulator.ActiveCfg = Release|x86
		{B00F3A12-2D2F-4896-92BE-17803D6C6462}.Ad-Hoc|iPhoneSimulator.Build.0 = Release|x86
		{B00F3A12-2D2F-4896-92BE-17803D6C6462}.Ad-Hoc|iPhoneSimulator.Deploy.0 = Release|x86
		{B00F3A12-2D2F-4896-92BE-17803D6C6462}.Ad-Hoc|x64.ActiveCfg = Release|x64
		{B00F3A12-2D2F-4896-92BE-17803D6C6462}.Ad-Hoc|x64.Build.0 = Release|x64
		{B00F3A12-2D2F-4896-92BE-17803D6C6462}.Ad-Hoc|x64.Deploy.0 = Release|x64
		{B00F3A12-2D2F-4896-92BE-17803D6C6462}.Ad-Hoc|x86.ActiveCfg = Release|x86
		{B00F3A12-2D2F-4896-92BE-17803D6C6462}.Ad-Hoc|x86.Build.0 = Release|x86
		{B00F3A12-2D2F-4896-92BE-17803D6C6462}.Ad-Hoc|x86.Deploy.0 = Release|x86
		{B00F3A12-2D2F-4896-92BE-17803D6C6462}.AppStore|Any CPU.ActiveCfg = Release|x86
		{B00F3A12-2D2F-4896-92BE-17803D6C6462}.AppStore|Any CPU.Build.0 = Release|x86
		{B00F3A12-2D2F-4896-92BE-17803D6C6462}.AppStore|Any CPU.Deploy.0 = Release|x86
		{B00F3A12-2D2F-4896-92BE-17803D6C6462}.AppStore|ARM.ActiveCfg = Release|ARM
		{B00F3A12-2D2F-4896-92BE-17803D6C6462}.AppStore|ARM.Build.0 = Release|ARM
		{B00F3A12-2D2F-4896-92BE-17803D6C6462}.AppStore|ARM.Deploy.0 = Release|ARM
		{B00F3A12-2D2F-4896-92BE-17803D6C6462}.AppStore|iPhone.ActiveCfg = Release|x86
		{B00F3A12-2D2F-4896-92BE-17803D6C6462}.AppStore|iPhone.Build.0 = Release|x86
		{B00F3A12-2D2F-4896-92BE-17803D6C6462}.AppStore|iPhone.Deploy.0 = Release|x86
		{B00F3A12-2D2F-4896-92BE-17803D6C6462}.AppStore|iPhoneSimulator.ActiveCfg = Release|x86
		{B00F3A12-2D2F-4896-92BE-17803D6C6462}.AppStore|iPhoneSimulator.Build.0 = Release|x86
		{B00F3A12-2D2F-4896-92BE-17803D6C6462}.AppStore|iPhoneSimulator.Deploy.0 = Release|x86
		{B00F3A12-2D2F-4896-92BE-17803D6C6462}.AppStore|x64.ActiveCfg = Release|x64
		{B00F3A12-2D2F-4896-92BE-17803D6C6462}.AppStore|x64.Build.0 = Release|x64
		{B00F3A12-2D2F-4896-92BE-17803D6C6462}.AppStore|x64.Deploy.0 = Release|x64
		{B00F3A12-2D2F-4896-92BE-17803D6C6462}.AppStore|x86.ActiveCfg = Release|x86
		{B00F3A12-2D2F-4896-92BE-17803D6C6462}.AppStore|x86.Build.0 = Release|x86
		{B00F3A12-2D2F-4896-92BE-17803D6C6462}.AppStore|x86.Deploy.0 = Release|x86
		{B00F3A12-2D2F-4896-92BE-17803D6C6462}.Debug|Any CPU.ActiveCfg = Debug|x86
		{B00F3A12-2D2F-4896-92BE-17803D6C6462}.Debug|ARM.ActiveCfg = Debug|ARM
		{B00F3A12-2D2F-4896-92BE-17803D6C6462}.Debug|ARM.Build.0 = Debug|ARM
		{B00F3A12-2D2F-4896-92BE-17803D6C6462}.Debug|ARM.Deploy.0 = Debug|ARM
		{B00F3A12-2D2F-4896-92BE-17803D6C6462}.Debug|iPhone.ActiveCfg = Debug|x86
		{B00F3A12-2D2F-4896-92BE-17803D6C6462}.Debug|iPhoneSimulator.ActiveCfg = Debug|x86
		{B00F3A12-2D2F-4896-92BE-17803D6C6462}.Debug|x64.ActiveCfg = Debug|x64
		{B00F3A12-2D2F-4896-92BE-17803D6C6462}.Debug|x64.Build.0 = Debug|x64
		{B00F3A12-2D2F-4896-92BE-17803D6C6462}.Debug|x64.Deploy.0 = Debug|x64
		{B00F3A12-2D2F-4896-92BE-17803D6C6462}.Debug|x86.ActiveCfg = Debug|x86
		{B00F3A12-2D2F-4896-92BE-17803D6C6462}.Debug|x86.Build.0 = Debug|x86
		{B00F3A12-2D2F-4896-92BE-17803D6C6462}.Debug|x86.Deploy.0 = Debug|x86
		{B00F3A12-2D2F-4896-92BE-17803D6C6462}.Release|Any CPU.ActiveCfg = Release|x86
		{B00F3A12-2D2F-4896-92BE-17803D6C6462}.Release|ARM.ActiveCfg = Release|ARM
		{B00F3A12-2D2F-4896-92BE-17803D6C6462}.Release|ARM.Build.0 = Release|ARM
		{B00F3A12-2D2F-4896-92BE-17803D6C6462}.Release|ARM.Deploy.0 = Release|ARM
		{B00F3A12-2D2F-4896-92BE-17803D6C6462}.Release|iPhone.ActiveCfg = Release|x86
		{B00F3A12-2D2F-4896-92BE-17803D6C6462}.Release|iPhoneSimulator.ActiveCfg = Release|x86
		{B00F3A12-2D2F-4896-92BE-17803D6C6462}.Release|x64.ActiveCfg = Release|x64
		{B00F3A12-2D2F-4896-92BE-17803D6C6462}.Release|x64.Build.0 = Release|x64
		{B00F3A12-2D2F-4896-92BE-17803D6C6462}.Release|x64.Deploy.0 = Release|x64
		{B00F3A12-2D2F-4896-92BE-17803D6C6462}.Release|x86.ActiveCfg = Release|x86
		{B00F3A12-2D2F-4896-92BE-17803D6C6462}.Release|x86.Build.0 = Release|x86
		{B00F3A12-2D2F-4896-92BE-17803D6C6462}.Release|x86.Deploy.0 = Release|x86
		{37543F2C-05DA-4817-B71A-0DE5427A70AF}.Ad-Hoc|Any CPU.ActiveCfg = Release|Any CPU
		{37543F2C-05DA-4817-B71A-0DE5427A70AF}.Ad-Hoc|Any CPU.Build.0 = Release|Any CPU
		{37543F2C-05DA-4817-B71A-0DE5427A70AF}.Ad-Hoc|Any CPU.Deploy.0 = Release|Any CPU
		{37543F2C-05DA-4817-B71A-0DE5427A70AF}.Ad-Hoc|ARM.ActiveCfg = Release|ARM
		{37543F2C-05DA-4817-B71A-0DE5427A70AF}.Ad-Hoc|ARM.Build.0 = Release|ARM
		{37543F2C-05DA-4817-B71A-0DE5427A70AF}.Ad-Hoc|ARM.Deploy.0 = Release|ARM
		{37543F2C-05DA-4817-B71A-0DE5427A70AF}.Ad-Hoc|iPhone.ActiveCfg = Release|Any CPU
		{37543F2C-05DA-4817-B71A-0DE5427A70AF}.Ad-Hoc|iPhone.Build.0 = Release|Any CPU
		{37543F2C-05DA-4817-B71A-0DE5427A70AF}.Ad-Hoc|iPhone.Deploy.0 = Release|Any CPU
		{37543F2C-05DA-4817-B71A-0DE5427A70AF}.Ad-Hoc|iPhoneSimulator.ActiveCfg = Release|Any CPU
		{37543F2C-05DA-4817-B71A-0DE5427A70AF}.Ad-Hoc|iPhoneSimulator.Build.0 = Release|Any CPU
		{37543F2C-05DA-4817-B71A-0DE5427A70AF}.Ad-Hoc|iPhoneSimulator.Deploy.0 = Release|Any CPU
		{37543F2C-05DA-4817-B71A-0DE5427A70AF}.Ad-Hoc|x64.ActiveCfg = Release|x64
		{37543F2C-05DA-4817-B71A-0DE5427A70AF}.Ad-Hoc|x64.Build.0 = Release|x64
		{37543F2C-05DA-4817-B71A-0DE5427A70AF}.Ad-Hoc|x64.Deploy.0 = Release|x64
		{37543F2C-05DA-4817-B71A-0DE5427A70AF}.Ad-Hoc|x86.ActiveCfg = Release|x86
		{37543F2C-05DA-4817-B71A-0DE5427A70AF}.Ad-Hoc|x86.Build.0 = Release|x86
		{37543F2C-05DA-4817-B71A-0DE5427A70AF}.Ad-Hoc|x86.Deploy.0 = Release|x86
		{37543F2C-05DA-4817-B71A-0DE5427A70AF}.AppStore|Any CPU.ActiveCfg = Release|Any CPU
		{37543F2C-05DA-4817-B71A-0DE5427A70AF}.AppStore|Any CPU.Build.0 = Release|Any CPU
		{37543F2C-05DA-4817-B71A-0DE5427A70AF}.AppStore|Any CPU.Deploy.0 = Release|Any CPU
		{37543F2C-05DA-4817-B71A-0DE5427A70AF}.AppStore|ARM.ActiveCfg = Release|ARM
		{37543F2C-05DA-4817-B71A-0DE5427A70AF}.AppStore|ARM.Build.0 = Release|ARM
		{37543F2C-05DA-4817-B71A-0DE5427A70AF}.AppStore|ARM.Deploy.0 = Release|ARM
		{37543F2C-05DA-4817-B71A-0DE5427A70AF}.AppStore|iPhone.ActiveCfg = Release|Any CPU
		{37543F2C-05DA-4817-B71A-0DE5427A70AF}.AppStore|iPhone.Build.0 = Release|Any CPU
		{37543F2C-05DA-4817-B71A-0DE5427A70AF}.AppStore|iPhone.Deploy.0 = Release|Any CPU
		{37543F2C-05DA-4817-B71A-0DE5427A70AF}.AppStore|iPhoneSimulator.ActiveCfg = Release|Any CPU
		{37543F2C-05DA-4817-B71A-0DE5427A70AF}.AppStore|iPhoneSimulator.Build.0 = Release|Any CPU
		{37543F2C-05DA-4817-B71A-0DE5427A70AF}.AppStore|iPhoneSimulator.Deploy.0 = Release|Any CPU
		{37543F2C-05DA-4817-B71A-0DE5427A70AF}.AppStore|x64.ActiveCfg = Release|x64
		{37543F2C-05DA-4817-B71A-0DE5427A70AF}.AppStore|x64.Build.0 = Release|x64
		{37543F2C-05DA-4817-B71A-0DE5427A70AF}.AppStore|x64.Deploy.0 = Release|x64
		{37543F2C-05DA-4817-B71A-0DE5427A70AF}.AppStore|x86.ActiveCfg = Release|x86
		{37543F2C-05DA-4817-B71A-0DE5427A70AF}.AppStore|x86.Build.0 = Release|x86
		{37543F2C-05DA-4817-B71A-0DE5427A70AF}.AppStore|x86.Deploy.0 = Release|x86
		{37543F2C-05DA-4817-B71A-0DE5427A70AF}.Debug|Any CPU.ActiveCfg = Debug|Any CPU
		{37543F2C-05DA-4817-B71A-0DE5427A70AF}.Debug|Any CPU.Build.0 = Debug|Any CPU
		{37543F2C-05DA-4817-B71A-0DE5427A70AF}.Debug|Any CPU.Deploy.0 = Debug|Any CPU
		{37543F2C-05DA-4817-B71A-0DE5427A70AF}.Debug|ARM.ActiveCfg = Debug|ARM
		{37543F2C-05DA-4817-B71A-0DE5427A70AF}.Debug|ARM.Build.0 = Debug|ARM
		{37543F2C-05DA-4817-B71A-0DE5427A70AF}.Debug|ARM.Deploy.0 = Debug|ARM
		{37543F2C-05DA-4817-B71A-0DE5427A70AF}.Debug|iPhone.ActiveCfg = Debug|Any CPU
		{37543F2C-05DA-4817-B71A-0DE5427A70AF}.Debug|iPhone.Build.0 = Debug|Any CPU
		{37543F2C-05DA-4817-B71A-0DE5427A70AF}.Debug|iPhone.Deploy.0 = Debug|Any CPU
		{37543F2C-05DA-4817-B71A-0DE5427A70AF}.Debug|iPhoneSimulator.ActiveCfg = Debug|Any CPU
		{37543F2C-05DA-4817-B71A-0DE5427A70AF}.Debug|iPhoneSimulator.Build.0 = Debug|Any CPU
		{37543F2C-05DA-4817-B71A-0DE5427A70AF}.Debug|iPhoneSimulator.Deploy.0 = Debug|Any CPU
		{37543F2C-05DA-4817-B71A-0DE5427A70AF}.Debug|x64.ActiveCfg = Debug|x64
		{37543F2C-05DA-4817-B71A-0DE5427A70AF}.Debug|x64.Build.0 = Debug|x64
		{37543F2C-05DA-4817-B71A-0DE5427A70AF}.Debug|x64.Deploy.0 = Debug|x64
		{37543F2C-05DA-4817-B71A-0DE5427A70AF}.Debug|x86.ActiveCfg = Debug|x86
		{37543F2C-05DA-4817-B71A-0DE5427A70AF}.Debug|x86.Build.0 = Debug|x86
		{37543F2C-05DA-4817-B71A-0DE5427A70AF}.Debug|x86.Deploy.0 = Debug|x86
		{37543F2C-05DA-4817-B71A-0DE5427A70AF}.Release|Any CPU.ActiveCfg = Release|Any CPU
		{37543F2C-05DA-4817-B71A-0DE5427A70AF}.Release|Any CPU.Build.0 = Release|Any CPU
		{37543F2C-05DA-4817-B71A-0DE5427A70AF}.Release|Any CPU.Deploy.0 = Release|Any CPU
		{37543F2C-05DA-4817-B71A-0DE5427A70AF}.Release|ARM.ActiveCfg = Release|ARM
		{37543F2C-05DA-4817-B71A-0DE5427A70AF}.Release|ARM.Build.0 = Release|ARM
		{37543F2C-05DA-4817-B71A-0DE5427A70AF}.Release|ARM.Deploy.0 = Release|ARM
		{37543F2C-05DA-4817-B71A-0DE5427A70AF}.Release|iPhone.ActiveCfg = Release|Any CPU
		{37543F2C-05DA-4817-B71A-0DE5427A70AF}.Release|iPhone.Build.0 = Release|Any CPU
		{37543F2C-05DA-4817-B71A-0DE5427A70AF}.Release|iPhone.Deploy.0 = Release|Any CPU
		{37543F2C-05DA-4817-B71A-0DE5427A70AF}.Release|iPhoneSimulator.ActiveCfg = Release|Any CPU
		{37543F2C-05DA-4817-B71A-0DE5427A70AF}.Release|iPhoneSimulator.Build.0 = Release|Any CPU
		{37543F2C-05DA-4817-B71A-0DE5427A70AF}.Release|iPhoneSimulator.Deploy.0 = Release|Any CPU
		{37543F2C-05DA-4817-B71A-0DE5427A70AF}.Release|x64.ActiveCfg = Release|x64
		{37543F2C-05DA-4817-B71A-0DE5427A70AF}.Release|x64.Build.0 = Release|x64
		{37543F2C-05DA-4817-B71A-0DE5427A70AF}.Release|x64.Deploy.0 = Release|x64
		{37543F2C-05DA-4817-B71A-0DE5427A70AF}.Release|x86.ActiveCfg = Release|x86
		{37543F2C-05DA-4817-B71A-0DE5427A70AF}.Release|x86.Build.0 = Release|x86
		{37543F2C-05DA-4817-B71A-0DE5427A70AF}.Release|x86.Deploy.0 = Release|x86
	EndGlobalSection
	GlobalSection(SolutionProperties) = preSolution
		HideSolutionNode = FALSE
	EndGlobalSection
EndGlobal
